
Microsoft Visual Studio Solution File, Format Version 12.00
Project("{FAE04EC0-301F-11D3-BF4B-00C04F79EFBC}") = "iTrendz.MauiUI", "iTrendz.MauiUI\iTrendz.MauiUI.csproj", "{EF89251E-6F3A-49D2-A8B1-ED9AE813F7CE}"
EndProject
Project("{FAE04EC0-301F-11D3-BF4B-00C04F79EFBC}") = "iTrendz.API", "iTrendz.API\iTrendz.API.csproj", "{4919A56B-CDBE-4CF9-A394-48DE474E8819}"
EndProject
Global
	GlobalSection(SolutionConfigurationPlatforms) = preSolution
		Debug|Any CPU = Debug|Any CPU
		Release|Any CPU = Release|Any CPU
	EndGlobalSection
	GlobalSection(ProjectConfigurationPlatforms) = postSolution
		{EF89251E-6F3A-49D2-A8B1-ED9AE813F7CE}.Debug|Any CPU.ActiveCfg = Debug|Any CPU
		{EF89251E-6F3A-49D2-A8B1-ED9AE813F7CE}.Debug|Any CPU.Build.0 = Debug|Any CPU
		{EF89251E-6F3A-49D2-A8B1-ED9AE813F7CE}.Release|Any CPU.ActiveCfg = Release|Any CPU
		{EF89251E-6F3A-49D2-A8B1-ED9AE813F7CE}.Release|Any CPU.Build.0 = Release|Any CPU
		{4919A56B-CDBE-4CF9-A394-48DE474E8819}.Debug|Any CPU.ActiveCfg = Debug|Any CPU
		{4919A56B-CDBE-4CF9-A394-48DE474E8819}.Debug|Any CPU.Build.0 = Debug|Any CPU
		{4919A56B-CDBE-4CF9-A394-48DE474E8819}.Release|Any CPU.ActiveCfg = Release|Any CPU
		{4919A56B-CDBE-4CF9-A394-48DE474E8819}.Release|Any CPU.Build.0 = Release|Any CPU
	EndGlobalSection
EndGlobal
